{
  "version": "5",
  "redirects": {
    "https://esm.sh/@types/bn.js@~4.11.6/index.d.ts": "https://esm.sh/@types/bn.js@4.11.6/index.d.ts",
    "https://esm.sh/@types/debug@~4.1.12/index.d.ts": "https://esm.sh/@types/debug@4.1.12/index.d.ts",
    "https://esm.sh/@types/jwa@~2.0.3/index.d.ts": "https://esm.sh/@types/jwa@2.0.3/index.d.ts",
    "https://esm.sh/@types/minimalistic-assert@~1.0.3/index.d.ts": "https://esm.sh/@types/minimalistic-assert@1.0.3/index.d.ts",
    "https://esm.sh/@types/ms@~2.1.0/index.d.ts": "https://esm.sh/@types/ms@2.1.0/index.d.ts",
    "https://esm.sh/@types/safer-buffer@~2.1.3/index.d.ts": "https://esm.sh/@types/safer-buffer@2.1.3/index.d.ts",
    "https://esm.sh/@types/web-push@~3.6.4/index.d.ts": "https://esm.sh/@types/web-push@3.6.4/index.d.ts",
    "https://esm.sh/agent-base@^7.1.2?target=denonext": "https://esm.sh/agent-base@7.1.4?target=denonext",
    "https://esm.sh/asn1.js@^5.3.0?target=denonext": "https://esm.sh/asn1.js@5.4.1?target=denonext",
    "https://esm.sh/bn.js@^4.0.0?target=denonext": "https://esm.sh/bn.js@4.12.3?target=denonext",
    "https://esm.sh/buffer-equal-constant-time@^1.0.1?target=denonext": "https://esm.sh/buffer-equal-constant-time@1.0.1?target=denonext",
    "https://esm.sh/debug@4?target=denonext": "https://esm.sh/debug@4.4.3?target=denonext",
    "https://esm.sh/https-proxy-agent@^7.0.0?target=denonext": "https://esm.sh/https-proxy-agent@7.0.6?target=denonext",
    "https://esm.sh/iceberg-js@^0.8.1?target=denonext": "https://esm.sh/iceberg-js@0.8.1?target=denonext",
    "https://esm.sh/jwa@^2.0.1?target=denonext": "https://esm.sh/jwa@2.0.1?target=denonext",
    "https://esm.sh/jws@^4.0.0?target=denonext": "https://esm.sh/jws@4.0.1?target=denonext",
    "https://esm.sh/minimalistic-assert@^1.0.0?target=denonext": "https://esm.sh/minimalistic-assert@1.0.1?target=denonext",
    "https://esm.sh/ms@^2.1.3?target=denonext": "https://esm.sh/ms@2.1.3?target=denonext",
    "https://esm.sh/safe-buffer@^5.0.1?target=denonext": "https://esm.sh/safe-buffer@5.2.1?target=denonext",
    "https://esm.sh/safer-buffer@^2.1.0?target=denonext": "https://esm.sh/safer-buffer@2.1.2?target=denonext",
    "https://esm.sh/supports-color?target=denonext": "https://esm.sh/supports-color@10.2.2?target=denonext"
  },
  "remote": {
    "https://deno.land/std@0.220.0/assert/_constants.ts": "a271e8ef5a573f1df8e822a6eb9d09df064ad66a4390f21b3e31f820a38e0975",
    "https://deno.land/std@0.220.0/assert/_diff.ts": "4bf42969aa8b1a33aaf23eb8e478b011bfaa31b82d85d2ff4b5c4662d8780d2b",
    "https://deno.land/std@0.220.0/assert/_format.ts": "0ba808961bf678437fb486b56405b6fefad2cf87b5809667c781ddee8c32aff4",
    "https://deno.land/std@0.220.0/assert/assert_equals.ts": "4497c56fe7d2993b0d447926702802fc0becb44e319079e8eca39b482ee01b4e",
    "https://deno.land/std@0.220.0/assert/assertion_error.ts": "9f689a101ee586c4ce92f52fa7ddd362e86434ffdf1f848e45987dc7689976b8",
    "https://deno.land/std@0.220.0/assert/equal.ts": "fae5e8a52a11d3ac694bbe1a53e13a7969e3f60791262312e91a3e741ae519e2",
    "https://deno.land/std@0.220.0/encoding/_util.ts": "beacef316c1255da9bc8e95afb1fa56ed69baef919c88dc06ae6cb7a6103d376",
    "https://deno.land/std@0.220.0/encoding/base64.ts": "8ccae67a1227b875340a8582ff707f37b131df435b07080d3bb58e07f5f97807",
    "https://deno.land/std@0.220.0/fmt/colors.ts": "d239d84620b921ea520125d778947881f62c50e78deef2657073840b8af9559a",
    "https://esm.sh/@supabase/auth-js@2.91.1/denonext/auth-js.mjs": "0aba9b5f57b7cacfed71fab11fdc7f9f972eb1007501ab123e7dbd5db0db8854",
    "https://esm.sh/@supabase/functions-js@2.91.1/denonext/functions-js.mjs": "08117a9ddab14cfb61c3cab75dab4f90b63bf733113728d02291c56c3103a0e2",
    "https://esm.sh/@supabase/postgrest-js@2.91.1/denonext/postgrest-js.mjs": "ccc88ce88179d2603e44eb4cabf3dbcffb71e9f098dbbe784ed64401214ab658",
    "https://esm.sh/@supabase/realtime-js@2.91.1/denonext/realtime-js.mjs": "8df0250e2d67407e9021b0837f7444ffaa69477f46e9f8f7bf4b12d55042c185",
    "https://esm.sh/@supabase/storage-js@2.91.1/denonext/storage-js.mjs": "cd2fa6ac2ca7fd8c8ba980a6265a0c2a9a6c9984922763333209d9fd04c1aa06",
    "https://esm.sh/@supabase/supabase-js@2.91.1": "6c889cd9ee2c4a3a6f586c892343117431b167c3168b1d0e2a8941782efa868f",
    "https://esm.sh/@supabase/supabase-js@2.91.1/denonext/supabase-js.mjs": "2458829b287f626418a3005d38ccc0a46695a2311d33a9adc83c1de4320ae30d",
    "https://esm.sh/agent-base@7.1.4/denonext/agent-base.mjs": "51956d3e79ab627a16f4754efa6fdb079b9ee4f26c5a172697c6204c29c4ec62",
    "https://esm.sh/agent-base@7.1.4?target=denonext": "b31574e95ddac2824849158d58de6142f36a95e344660dcf3c75e0596adc9801",
    "https://esm.sh/asn1.js@5.4.1/denonext/asn1.mjs": "05bea07bfffbdebce34e74f58ebbe1dd62c56bbeabc37726ee97acf9649c83ab",
    "https://esm.sh/asn1.js@5.4.1?target=denonext": "8787df97afb1d0fcdee1fd4b1b9eb764a55f8327a51700b06c7059686399be46",
    "https://esm.sh/bn.js@4.12.3/denonext/bn.mjs": "cd4a53074a1163f83e5c0af66676f62fdfd693fe25ce42d5fb573ee23902327f",
    "https://esm.sh/bn.js@4.12.3?target=denonext": "e99edf3f432351409e726d15d304f5125779816b86899e202b3eb80fb117dffa",
    "https://esm.sh/buffer-equal-constant-time@1.0.1/denonext/buffer-equal-constant-time.mjs": "c83a9e435334af6863aef9f50bd7d1a855e95055ba8af6dde63eaf674791f64b",
    "https://esm.sh/buffer-equal-constant-time@1.0.1?target=denonext": "947592b99778297d371afb105a753b42beffb623ca47203b5c71caa820cf05af",
    "https://esm.sh/debug@4.4.3/denonext/debug.mjs": "76c71326f78377cc7252a22502b6c058ad13c06d77abda67e670555659f7974e",
    "https://esm.sh/debug@4.4.3?target=denonext": "9df8b8806c13297f96185899110f8146b8b0c7944847c8392cbfb4e730a634dd",
    "https://esm.sh/ecdsa-sig-formatter@1.0.11/denonext/ecdsa-sig-formatter.mjs": "08370379943e48e31cda373711fe5528f60b3d3d992fae7c0d520ef55607640e",
    "https://esm.sh/http_ece@1.2.0/denonext/http_ece.mjs": "6e1eb49e842a83dae58d51309b279bd57d3d92458e1f43c87e71e5a10398c93f",
    "https://esm.sh/https-proxy-agent@7.0.6/denonext/https-proxy-agent.mjs": "69ee5bb17d7f434ff929211791c7fc1eec6cb47a9b20894aa8934aa0f2ef1eea",
    "https://esm.sh/https-proxy-agent@7.0.6?target=denonext": "cd42ba7e40cb2f053a2151f66585c0c338818807c0d7208e23a8302c15659b23",
    "https://esm.sh/iceberg-js@0.8.1/denonext/iceberg-js.mjs": "d839d81a2e3966500ca2cdd0c1cb458e9608bacfc91f7bb67a69b2e878dcdb4f",
    "https://esm.sh/iceberg-js@0.8.1?target=denonext": "58c849d7fe2bf4eca4a84eb501e83c161a7d8c34ca1bec15a962b3bec3062633",
    "https://esm.sh/jwa@2.0.1/denonext/jwa.mjs": "9f886562cccb7bf4b6bb600597658ddb2d4f235ea7e00b534ff30ad33ae9a7d3",
    "https://esm.sh/jwa@2.0.1?target=denonext": "8a0c92b54c9d5bb54ce964bc189c11eb01316ef094b70cef107909bfa8de5eb5",
    "https://esm.sh/jws@4.0.1/denonext/jws.mjs": "e880f671775b4bb342dd26573ca58aa778ce3143619c4a6dd1cbde1145f733b3",
    "https://esm.sh/jws@4.0.1?target=denonext": "4ee2855f2c0029a9a88d818e1dc29f7763a60137034e096c99bd31c8be4b9f20",
    "https://esm.sh/minimalistic-assert@1.0.1/denonext/minimalistic-assert.mjs": "07377d761438c22ed239e538e2b641cce8e0733793f0a98f34594782a6e85829",
    "https://esm.sh/minimalistic-assert@1.0.1?target=denonext": "4e19506c5a46f3c68b4d7b431e1de059c6c57b663cabf226cdb7ef0906b7aebe",
    "https://esm.sh/ms@2.1.3/denonext/ms.mjs": "9039464da1f4ae1c2042742d335c82556c048bbe49449b5d0cd5198193afa147",
    "https://esm.sh/ms@2.1.3?target=denonext": "36f5aa7503ff0ff44ce9e3155a60362d8d3ae5db8db048be5764a3a515b6a263",
    "https://esm.sh/safe-buffer@5.2.1/denonext/safe-buffer.mjs": "51b088d69d0bbf6d7ce4179853887e105715df40e432a3bff0e9575cc2285276",
    "https://esm.sh/safe-buffer@5.2.1?target=denonext": "34028b9647c849fa96dfd3d9f217a3adca8b43b13409820ac3f43fb15eba3e20",
    "https://esm.sh/safer-buffer@2.1.2/denonext/safer-buffer.mjs": "63b601ca3ed03a32349ca04538ac898f2c520dbc6b554246d11c482c31e8a6b8",
    "https://esm.sh/safer-buffer@2.1.2?target=denonext": "381ed15e73b07affd71d58c070213d027e4b8951c381f44e5f80589d3ea9957b",
    "https://esm.sh/supports-color@10.2.2/denonext/supports-color.mjs": "a263c0229c209e3fed166348cd02e96f08996902c9e8e7c6de4ac50c8ee2a748",
    "https://esm.sh/supports-color@10.2.2?target=denonext": "f938c90ae6175cd0ec937dabb90259b115033d9dfde267b69566089f06f92d06",
    "https://esm.sh/tslib@2.8.1/denonext/tslib.mjs": "c38da5dd6da6281964435002ce204cd586634fe3bdfb24a0ee116f48cf3292e9",
    "https://esm.sh/web-push@3.6.7": "e3c6dacc6581629be7433797d5fe1f756ad12d3f8732f97c9b71129affd90906",
    "https://esm.sh/web-push@3.6.7/denonext/web-push.mjs": "efb2e41fba464e088afc1d97dfa0f290261d161f4f7a7cea225681626961e485"
  }
}
